
Microsoft Visual Studio Solution File, Format Version 12.00
# Visual Studio 15
VisualStudioVersion = 15.0.28010.0
MinimumVisualStudioVersion = 10.0.40219.1
Project("{FAE04EC0-301F-11D3-BF4B-00C04F79EFBC}") = "EmployeesCatalog.Web", "EmployeesCatalog.Web\EmployeesCatalog.Web.csproj", "{AE4F3D24-BF03-4CA7-B0D7-87EFB30A2F3E}"
EndProject
Global
	GlobalSection(SolutionConfigurationPlatforms) = preSolution
		Debug|Any CPU = Debug|Any CPU
		Release|Any CPU = Release|Any CPU
	EndGlobalSection
	GlobalSection(ProjectConfigurationPlatforms) = postSolution
		{AE4F3D24-BF03-4CA7-B0D7-87EFB30A2F3E}.Debug|Any CPU.ActiveCfg = Debug|Any CPU
		{AE4F3D24-BF03-4CA7-B0D7-87EFB30A2F3E}.Debug|Any CPU.Build.0 = Debug|Any CPU
		{AE4F3D24-BF03-4CA7-B0D7-87EFB30A2F3E}.Release|Any CPU.ActiveCfg = Release|Any CPU
		{AE4F3D24-BF03-4CA7-B0D7-87EFB30A2F3E}.Release|Any CPU.Build.0 = Release|Any CPU
	EndGlobalSection
	GlobalSection(SolutionProperties) = preSolution
		HideSolutionNode = FALSE
	EndGlobalSection
	GlobalSection(ExtensibilityGlobals) = postSolution
		SolutionGuid = {6FB3E1D3-2A34-4847-991D-49B158A47C4A}
	EndGlobalSection
EndGlobal
